// !$*UTF8*$!
{
	archiveVersion = 1;
	classes = {
	};
	objectVersion = 70;
	objects = {

/* Begin PBXBuildFile section */
		EE0C60CB2E52403600C6CF65 /* Localizable.xcstrings in Resources */ = {isa = PBXBuildFile; fileRef = EE0C60CA2E52403600C6CF65 /* Localizable.xcstrings */; };
		EE0C60EC2E59D11C00C6CF65 /* ListSharingView.swift in Sources */ = {isa = PBXBuildFile; fileRef = EE0C60EA2E59D11C00C6CF65 /* ListSharingView.swift */; };
		EE0C60ED2E59D11C00C6CF65 /* SessionGateView.swift in Sources */ = {isa = PBXBuildFile; fileRef = EE0C60EB2E59D11C00C6CF65 /* SessionGateView.swift */; };
		EE0C60F12E59D12E00C6CF65 /* SessionViewModel.swift in Sources */ = {isa = PBXBuildFile; fileRef = EE0C60F02E59D12E00C6CF65 /* SessionViewModel.swift */; };
		EE0C60F22E59D12E00C6CF65 /* ListSharingViewModel.swift in Sources */ = {isa = PBXBuildFile; fileRef = EE0C60EE2E59D12E00C6CF65 /* ListSharingViewModel.swift */; };
		EE0C60F32E59D12E00C6CF65 /* PairingViewModel.swift in Sources */ = {isa = PBXBuildFile; fileRef = EE0C60EF2E59D12E00C6CF65 /* PairingViewModel.swift */; };
		EE0C60F52E59D13600C6CF65 /* IdentityModels.swift in Sources */ = {isa = PBXBuildFile; fileRef = EE0C60F42E59D13600C6CF65 /* IdentityModels.swift */; };
		EE0C60F72E59DC0300C6CF65 /* FirebaseAuth in Frameworks */ = {isa = PBXBuildFile; productRef = EE0C60F62E59DC0300C6CF65 /* FirebaseAuth */; };
		EE0C60F92E59DEA400C6CF65 /* PrivacyInfo.xcprivacy in Resources */ = {isa = PBXBuildFile; fileRef = EE0C60F82E59DEA400C6CF65 /* PrivacyInfo.xcprivacy */; };
		EE1234572F00000100AAAAAA /* ImportPreviewView.swift in Sources */ = {isa = PBXBuildFile; fileRef = EE1234562F00000100AAAAAA /* ImportPreviewView.swift */; };
		EE1234592F00000200AAAAAA /* ImportPreviewRow.swift in Sources */ = {isa = PBXBuildFile; fileRef = EE1234582F00000200AAAAAA /* ImportPreviewRow.swift */; };
		EE2BAC402DB917D50082D950 /* FirebaseFirestore in Frameworks */ = {isa = PBXBuildFile; productRef = EE2BAC3F2DB917D50082D950 /* FirebaseFirestore */; };
		EE2BAC462DB9261F0082D950 /* GoogleService-Info.plist in Resources */ = {isa = PBXBuildFile; fileRef = EE2BAC452DB9261F0082D950 /* GoogleService-Info.plist */; };
		EE2BAC4A2DBA3D800082D950 /* FirebaseFirestore in Frameworks */ = {isa = PBXBuildFile; productRef = EE2BAC492DBA3D800082D950 /* FirebaseFirestore */; };
		EE2BAC4C2DBA3D800082D950 /* FirebaseFirestoreCombine-Community in Frameworks */ = {isa = PBXBuildFile; productRef = EE2BAC4B2DBA3D800082D950 /* FirebaseFirestoreCombine-Community */; };
		EE39801C2E5C981B00282617 /* PreviewMocks.swift in Sources */ = {isa = PBXBuildFile; fileRef = EE39801A2E5C981B00282617 /* PreviewMocks.swift */; };
		EE4B8CD22B52BD0B006FBBED /* EditItemView.swift in Sources */ = {isa = PBXBuildFile; fileRef = EE4B8CD12B52BD0B006FBBED /* EditItemView.swift */; };
		EE52222F2DBEDD2100AB84EF /* ImagePicker.swift in Sources */ = {isa = PBXBuildFile; fileRef = EE52222E2DBEDD1B00AB84EF /* ImagePicker.swift */; };
		EE6115E82B4467070043736A /* ListViewModel.swift in Sources */ = {isa = PBXBuildFile; fileRef = EE6115E72B4467070043736A /* ListViewModel.swift */; };
		EE6115EB2B48440E0043736A /* Color.swift in Sources */ = {isa = PBXBuildFile; fileRef = EE6115EA2B48440E0043736A /* Color.swift */; };
		EE69A4E62B14CB78007C3515 /* GroceryGeniusApp.swift in Sources */ = {isa = PBXBuildFile; fileRef = EE69A4E52B14CB78007C3515 /* GroceryGeniusApp.swift */; };
		EE69A4E82B14CB78007C3515 /* ShoppingListView.swift in Sources */ = {isa = PBXBuildFile; fileRef = EE69A4E72B14CB78007C3515 /* ShoppingListView.swift */; };
		EE69A4EA2B14CB79007C3515 /* Assets.xcassets in Resources */ = {isa = PBXBuildFile; fileRef = EE69A4E92B14CB79007C3515 /* Assets.xcassets */; };
		EE69A4ED2B14CB79007C3515 /* Preview Assets.xcassets in Resources */ = {isa = PBXBuildFile; fileRef = EE69A4EC2B14CB79007C3515 /* Preview Assets.xcassets */; };
		EE69A4F82B14CC96007C3515 /* ItemModel.swift in Sources */ = {isa = PBXBuildFile; fileRef = EE69A4F72B14CC96007C3515 /* ItemModel.swift */; };
		EE69A4FE2B14F046007C3515 /* ListRowView.swift in Sources */ = {isa = PBXBuildFile; fileRef = EE69A4FD2B14F046007C3515 /* ListRowView.swift */; };
		EE7872312B1E3ED600FDD00B /* AddItemView.swift in Sources */ = {isa = PBXBuildFile; fileRef = EE7872302B1E3ED600FDD00B /* AddItemView.swift */; };
		EE79338E2DEA47BD00A8BEA9 /* AccentHeaderBackground.swift in Sources */ = {isa = PBXBuildFile; fileRef = EE79338D2DEA47BD00A8BEA9 /* AccentHeaderBackground.swift */; };
		EE873CE62E3FA20100F3FF82 /* SVGKit in Frameworks */ = {isa = PBXBuildFile; productRef = EE873CE52E3FA20100F3FF82 /* SVGKit */; };
		EE873CE82E3FA20100F3FF82 /* SVGKitSwift in Frameworks */ = {isa = PBXBuildFile; productRef = EE873CE72E3FA20100F3FF82 /* SVGKitSwift */; };
		EE9B091E2DFF04D90024DC13 /* ProductImageFullscreenView.swift in Sources */ = {isa = PBXBuildFile; fileRef = EE9B091D2DFF04D90024DC13 /* ProductImageFullscreenView.swift */; };
		EEABCDEF2F01000100AAAAAA /* DeepLinkParser.swift in Sources */ = {isa = PBXBuildFile; fileRef = EEABCDEE2F01000100AAAAAA /* DeepLinkParser.swift */; };
		EEC3BC0A2E50C95A00C037F1 /* ImageCache.swift in Sources */ = {isa = PBXBuildFile; fileRef = EEC3BC082E50C95A00C037F1 /* ImageCache.swift */; };
		EEC3BC0B2E50C95A00C037F1 /* ReusableInputs.swift in Sources */ = {isa = PBXBuildFile; fileRef = EEC3BC092E50C95A00C037F1 /* ReusableInputs.swift */; };
		EEC3BC0C2E50C95A00C037F1 /* DesignSystem.swift in Sources */ = {isa = PBXBuildFile; fileRef = EEC3BC072E50C95A00C037F1 /* DesignSystem.swift */; };
		EEC3BC0E2E50D5A800C037F1 /* Validation.swift in Sources */ = {isa = PBXBuildFile; fileRef = EEC3BC0D2E50D5A800C037F1 /* Validation.swift */; };
		EEDEF0012F01010100AAAAAA /* SessionGateViewModel.swift in Sources */ = {isa = PBXBuildFile; fileRef = EEDEF0002F01010100AAAAAA /* SessionGateViewModel.swift */; };
		EEF472FC2B4C5A4100330CE5 /* ListView.swift in Sources */ = {isa = PBXBuildFile; fileRef = EEF472FB2B4C5A4100330CE5 /* ListView.swift */; };
		EEF472FE2B4C5C2000330CE5 /* ShoppingListProgressView.swift in Sources */ = {isa = PBXBuildFile; fileRef = EEF472FD2B4C5C2000330CE5 /* ShoppingListProgressView.swift */; };
		EEFA09E32E2CE31200B2F2B0 /* ViewModifiers.swift in Sources */ = {isa = PBXBuildFile; fileRef = EEFA09E22E2CE31200B2F2B0 /* ViewModifiers.swift */; };
		EEFA09E52E2CE7A200B2F2B0 /* (null) in Sources */ = {isa = PBXBuildFile; };
		EEFA09EB2E2CED5000B2F2B0 /* Utils.swift in Sources */ = {isa = PBXBuildFile; fileRef = EEFA09EA2E2CED5000B2F2B0 /* Utils.swift */; };
		EEFA09F32E2D2BE000B2F2B0 /* CustomModalView.swift in Sources */ = {isa = PBXBuildFile; fileRef = EEFA09F22E2D2BE000B2F2B0 /* CustomModalView.swift */; };
/* End PBXBuildFile section */

/* Begin PBXFileReference section */
		EE0C60CA2E52403600C6CF65 /* Localizable.xcstrings */ = {isa = PBXFileReference; lastKnownFileType = text.json.xcstrings; path = Localizable.xcstrings; sourceTree = "<group>"; };
		EE0C60EA2E59D11C00C6CF65 /* ListSharingView.swift */ = {isa = PBXFileReference; lastKnownFileType = sourcecode.swift; path = ListSharingView.swift; sourceTree = "<group>"; };
		EE0C60EB2E59D11C00C6CF65 /* SessionGateView.swift */ = {isa = PBXFileReference; lastKnownFileType = sourcecode.swift; path = SessionGateView.swift; sourceTree = "<group>"; };
		EE0C60EE2E59D12E00C6CF65 /* ListSharingViewModel.swift */ = {isa = PBXFileReference; lastKnownFileType = sourcecode.swift; path = ListSharingViewModel.swift; sourceTree = "<group>"; };
		EE0C60EF2E59D12E00C6CF65 /* PairingViewModel.swift */ = {isa = PBXFileReference; lastKnownFileType = sourcecode.swift; path = PairingViewModel.swift; sourceTree = "<group>"; };
		EE0C60F02E59D12E00C6CF65 /* SessionViewModel.swift */ = {isa = PBXFileReference; lastKnownFileType = sourcecode.swift; path = SessionViewModel.swift; sourceTree = "<group>"; };
		EE0C60F42E59D13600C6CF65 /* IdentityModels.swift */ = {isa = PBXFileReference; lastKnownFileType = sourcecode.swift; path = IdentityModels.swift; sourceTree = "<group>"; };
		EE0C60F82E59DEA400C6CF65 /* PrivacyInfo.xcprivacy */ = {isa = PBXFileReference; lastKnownFileType = text; path = PrivacyInfo.xcprivacy; sourceTree = "<group>"; };
		EE1234562F00000100AAAAAA /* ImportPreviewView.swift */ = {isa = PBXFileReference; lastKnownFileType = sourcecode.swift; path = ImportPreviewView.swift; sourceTree = "<group>"; };
		EE1234582F00000200AAAAAA /* ImportPreviewRow.swift */ = {isa = PBXFileReference; lastKnownFileType = sourcecode.swift; path = ImportPreviewRow.swift; sourceTree = "<group>"; };
		EE2BAC452DB9261F0082D950 /* GoogleService-Info.plist */ = {isa = PBXFileReference; lastKnownFileType = text.plist.xml; path = "GoogleService-Info.plist"; sourceTree = "<group>"; };
		EE39801A2E5C981B00282617 /* PreviewMocks.swift */ = {isa = PBXFileReference; lastKnownFileType = sourcecode.swift; path = PreviewMocks.swift; sourceTree = "<group>"; };
		EE4B8CD12B52BD0B006FBBED /* EditItemView.swift */ = {isa = PBXFileReference; lastKnownFileType = sourcecode.swift; path = EditItemView.swift; sourceTree = "<group>"; xcLanguageSpecificationIdentifier = xcode.lang.swift; };
		EE52222E2DBEDD1B00AB84EF /* ImagePicker.swift */ = {isa = PBXFileReference; lastKnownFileType = sourcecode.swift; path = ImagePicker.swift; sourceTree = "<group>"; };
		EE6115E72B4467070043736A /* ListViewModel.swift */ = {isa = PBXFileReference; lastKnownFileType = sourcecode.swift; path = ListViewModel.swift; sourceTree = "<group>"; };
		EE6115EA2B48440E0043736A /* Color.swift */ = {isa = PBXFileReference; lastKnownFileType = sourcecode.swift; path = Color.swift; sourceTree = "<group>"; };
		EE69A4E22B14CB78007C3515 /* GroceryGenius.app */ = {isa = PBXFileReference; explicitFileType = wrapper.application; includeInIndex = 0; path = GroceryGenius.app; sourceTree = BUILT_PRODUCTS_DIR; };
		EE69A4E52B14CB78007C3515 /* GroceryGeniusApp.swift */ = {isa = PBXFileReference; lastKnownFileType = sourcecode.swift; path = GroceryGeniusApp.swift; sourceTree = "<group>"; };
		EE69A4E72B14CB78007C3515 /* ShoppingListView.swift */ = {isa = PBXFileReference; lastKnownFileType = sourcecode.swift; path = ShoppingListView.swift; sourceTree = "<group>"; };
		EE69A4E92B14CB79007C3515 /* Assets.xcassets */ = {isa = PBXFileReference; lastKnownFileType = folder.assetcatalog; path = Assets.xcassets; sourceTree = "<group>"; };
		EE69A4EC2B14CB79007C3515 /* Preview Assets.xcassets */ = {isa = PBXFileReference; lastKnownFileType = folder.assetcatalog; path = "Preview Assets.xcassets"; sourceTree = "<group>"; };
		EE69A4F72B14CC96007C3515 /* ItemModel.swift */ = {isa = PBXFileReference; lastKnownFileType = sourcecode.swift; path = ItemModel.swift; sourceTree = "<group>"; };
		EE69A4FD2B14F046007C3515 /* ListRowView.swift */ = {isa = PBXFileReference; lastKnownFileType = sourcecode.swift; path = ListRowView.swift; sourceTree = "<group>"; xcLanguageSpecificationIdentifier = xcode.lang.swift; };
		EE7872302B1E3ED600FDD00B /* AddItemView.swift */ = {isa = PBXFileReference; lastKnownFileType = sourcecode.swift; path = AddItemView.swift; sourceTree = "<group>"; };
		EE79338D2DEA47BD00A8BEA9 /* AccentHeaderBackground.swift */ = {isa = PBXFileReference; lastKnownFileType = sourcecode.swift; path = AccentHeaderBackground.swift; sourceTree = "<group>"; };
		EE9B091D2DFF04D90024DC13 /* ProductImageFullscreenView.swift */ = {isa = PBXFileReference; lastKnownFileType = sourcecode.swift; path = ProductImageFullscreenView.swift; sourceTree = "<group>"; };
		EEABCDEE2F01000100AAAAAA /* DeepLinkParser.swift */ = {isa = PBXFileReference; lastKnownFileType = sourcecode.swift; path = DeepLinkParser.swift; sourceTree = "<group>"; };
		EEC3BC072E50C95A00C037F1 /* DesignSystem.swift */ = {isa = PBXFileReference; lastKnownFileType = sourcecode.swift; path = DesignSystem.swift; sourceTree = "<group>"; };
		EEC3BC082E50C95A00C037F1 /* ImageCache.swift */ = {isa = PBXFileReference; lastKnownFileType = sourcecode.swift; path = ImageCache.swift; sourceTree = "<group>"; };
		EEC3BC092E50C95A00C037F1 /* ReusableInputs.swift */ = {isa = PBXFileReference; lastKnownFileType = sourcecode.swift; path = ReusableInputs.swift; sourceTree = "<group>"; };
		EEC3BC0D2E50D5A800C037F1 /* Validation.swift */ = {isa = PBXFileReference; lastKnownFileType = sourcecode.swift; path = Validation.swift; sourceTree = "<group>"; };
		EEDEF0002F01010100AAAAAA /* SessionGateViewModel.swift */ = {isa = PBXFileReference; lastKnownFileType = sourcecode.swift; path = SessionGateViewModel.swift; sourceTree = "<group>"; };
		EEF472FB2B4C5A4100330CE5 /* ListView.swift */ = {isa = PBXFileReference; lastKnownFileType = sourcecode.swift; path = ListView.swift; sourceTree = "<group>"; };
		EEF472FD2B4C5C2000330CE5 /* ShoppingListProgressView.swift */ = {isa = PBXFileReference; lastKnownFileType = sourcecode.swift; path = ShoppingListProgressView.swift; sourceTree = "<group>"; };
		EEFA09E22E2CE31200B2F2B0 /* ViewModifiers.swift */ = {isa = PBXFileReference; lastKnownFileType = sourcecode.swift; path = ViewModifiers.swift; sourceTree = "<group>"; };
		EEFA09EA2E2CED5000B2F2B0 /* Utils.swift */ = {isa = PBXFileReference; lastKnownFileType = sourcecode.swift; path = Utils.swift; sourceTree = "<group>"; };
		EEFA09F22E2D2BE000B2F2B0 /* CustomModalView.swift */ = {isa = PBXFileReference; lastKnownFileType = sourcecode.swift; path = CustomModalView.swift; sourceTree = "<group>"; };
/* End PBXFileReference section */

/* Begin PBXFileSystemSynchronizedRootGroup section */
		EE2BAC412DB917E20082D950 /* Service */ = {isa = PBXFileSystemSynchronizedRootGroup; explicitFileTypes = {}; explicitFolders = (); path = Service; sourceTree = "<group>"; };
/* End PBXFileSystemSynchronizedRootGroup section */

/* Begin PBXFrameworksBuildPhase section */
		EE69A4DF2B14CB78007C3515 /* Frameworks */ = {
			isa = PBXFrameworksBuildPhase;
			buildActionMask = 2147483647;
			files = (
				EE2BAC4C2DBA3D800082D950 /* FirebaseFirestoreCombine-Community in Frameworks */,
				EE0C60F72E59DC0300C6CF65 /* FirebaseAuth in Frameworks */,
				EE2BAC402DB917D50082D950 /* FirebaseFirestore in Frameworks */,
				EE873CE82E3FA20100F3FF82 /* SVGKitSwift in Frameworks */,
				EE873CE62E3FA20100F3FF82 /* SVGKit in Frameworks */,
				EE2BAC4A2DBA3D800082D950 /* FirebaseFirestore in Frameworks */,
			);
			runOnlyForDeploymentPostprocessing = 0;
		};
/* End PBXFrameworksBuildPhase section */

/* Begin PBXGroup section */
		EE25EDBC2B406FFA00CA090C /* Models */ = {
			isa = PBXGroup;
			children = (
				EE0C60F42E59D13600C6CF65 /* IdentityModels.swift */,
				EE69A4F72B14CC96007C3515 /* ItemModel.swift */,
			);
			path = Models;
			sourceTree = "<group>";
		};
		EE25EDBD2B40700500CA090C /* Views */ = {
			isa = PBXGroup;
			children = (
				EE0C60EA2E59D11C00C6CF65 /* ListSharingView.swift */,
				EE0C60EB2E59D11C00C6CF65 /* SessionGateView.swift */,
				EE9B091D2DFF04D90024DC13 /* ProductImageFullscreenView.swift */,
				EE69A4E72B14CB78007C3515 /* ShoppingListView.swift */,
				EEF472FB2B4C5A4100330CE5 /* ListView.swift */,
				EE69A4FD2B14F046007C3515 /* ListRowView.swift */,
				EE7872302B1E3ED600FDD00B /* AddItemView.swift */,
				EE4B8CD12B52BD0B006FBBED /* EditItemView.swift */,
				EE1234562F00000100AAAAAA /* ImportPreviewView.swift */,
				EE1234582F00000200AAAAAA /* ImportPreviewRow.swift */,
			);
			path = Views;
			sourceTree = "<group>";
		};
		EE39801B2E5C981B00282617 /* PreviewSupport */ = {
			isa = PBXGroup;
			children = (
				EE39801A2E5C981B00282617 /* PreviewMocks.swift */,
			);
			path = PreviewSupport;
			sourceTree = "<group>";
		};
		EE52222D2DBEDD0800AB84EF /* Components */ = {
			isa = PBXGroup;
			children = (
				EEC3BC0D2E50D5A800C037F1 /* Validation.swift */,
				EEC3BC072E50C95A00C037F1 /* DesignSystem.swift */,
				EEC3BC082E50C95A00C037F1 /* ImageCache.swift */,
				EEC3BC092E50C95A00C037F1 /* ReusableInputs.swift */,
				EEFA09F22E2D2BE000B2F2B0 /* CustomModalView.swift */,
				EE52222E2DBEDD1B00AB84EF /* ImagePicker.swift */,
				EEF472FD2B4C5C2000330CE5 /* ShoppingListProgressView.swift */,
				EE79338D2DEA47BD00A8BEA9 /* AccentHeaderBackground.swift */,
			);
			path = Components;
			sourceTree = "<group>";
		};
		EE6115E92B4843D80043736A /* Extensions */ = {
			isa = PBXGroup;
			children = (
				EEFA09EA2E2CED5000B2F2B0 /* Utils.swift */,
				EEFA09E22E2CE31200B2F2B0 /* ViewModifiers.swift */,
				EE6115EA2B48440E0043736A /* Color.swift */,
				EEABCDEE2F01000100AAAAAA /* DeepLinkParser.swift */,
			);
			path = Extensions;
			sourceTree = "<group>";
		};
		EE69A4D92B14CB78007C3515 = {
			isa = PBXGroup;
			children = (
				EE2BAC452DB9261F0082D950 /* GoogleService-Info.plist */,
				EE69A4E42B14CB78007C3515 /* GroceryGenius */,
				EE69A4E32B14CB78007C3515 /* Products */,
			);
			sourceTree = "<group>";
		};
		EE69A4E32B14CB78007C3515 /* Products */ = {
			isa = PBXGroup;
			children = (
				EE69A4E22B14CB78007C3515 /* GroceryGenius.app */,
			);
			name = Products;
			sourceTree = "<group>";
		};
		EE69A4E42B14CB78007C3515 /* GroceryGenius */ = {
			isa = PBXGroup;
			children = (
				EE0C60F82E59DEA400C6CF65 /* PrivacyInfo.xcprivacy */,
				EE0C60CA2E52403600C6CF65 /* Localizable.xcstrings */,
				EE69A4E52B14CB78007C3515 /* GroceryGeniusApp.swift */,
				EE39801B2E5C981B00282617 /* PreviewSupport */,
				EE52222D2DBEDD0800AB84EF /* Components */,
				EE25EDBD2B40700500CA090C /* Views */,
				EE9C2B4E2B407E83009776A0 /* ViewModels */,
				EE25EDBC2B406FFA00CA090C /* Models */,
				EE2BAC412DB917E20082D950 /* Service */,
				EE6115E92B4843D80043736A /* Extensions */,
				EE69A4E92B14CB79007C3515 /* Assets.xcassets */,
				EE69A4EB2B14CB79007C3515 /* Preview Content */,
			);
			path = GroceryGenius;
			sourceTree = "<group>";
		};
		EE69A4EB2B14CB79007C3515 /* Preview Content */ = {
			isa = PBXGroup;
			children = (
				EE69A4EC2B14CB79007C3515 /* Preview Assets.xcassets */,
			);
			path = "Preview Content";
			sourceTree = "<group>";
		};
		EE9C2B4E2B407E83009776A0 /* ViewModels */ = {
			isa = PBXGroup;
			children = (
				EE0C60EE2E59D12E00C6CF65 /* ListSharingViewModel.swift */,
				EE0C60EF2E59D12E00C6CF65 /* PairingViewModel.swift */,
				EE0C60F02E59D12E00C6CF65 /* SessionViewModel.swift */,
				EE6115E72B4467070043736A /* ListViewModel.swift */,
				EEDEF0002F01010100AAAAAA /* SessionGateViewModel.swift */,
			);
			path = ViewModels;
			sourceTree = "<group>";
		};
/* End PBXGroup section */

/* Begin PBXNativeTarget section */
		EE69A4E12B14CB78007C3515 /* GroceryGenius */ = {
			isa = PBXNativeTarget;
			buildConfigurationList = EE69A4F02B14CB79007C3515 /* Build configuration list for PBXNativeTarget "GroceryGenius" */;
			buildPhases = (
				EE69A4DE2B14CB78007C3515 /* Sources */,
				EE69A4DF2B14CB78007C3515 /* Frameworks */,
				EE69A4E02B14CB78007C3515 /* Resources */,
			);
			buildRules = (
			);
			dependencies = (
			);
			fileSystemSynchronizedGroups = (
				EE2BAC412DB917E20082D950 /* Service */,
			);
			name = GroceryGenius;
			productName = GroceryGenius;
			productReference = EE69A4E22B14CB78007C3515 /* GroceryGenius.app */;
			productType = "com.apple.product-type.application";
		};
/* End PBXNativeTarget section */

/* Begin PBXProject section */
		EE69A4DA2B14CB78007C3515 /* Project object */ = {
			isa = PBXProject;
			attributes = {
				BuildIndependentTargetsInParallel = 1;
				LastSwiftUpdateCheck = 1500;
				LastUpgradeCheck = 1630;
				TargetAttributes = {
					EE69A4E12B14CB78007C3515 = {
						CreatedOnToolsVersion = 15.0.1;
					};
				};
			};
			buildConfigurationList = EE69A4DD2B14CB78007C3515 /* Build configuration list for PBXProject "GroceryGenius" */;
			compatibilityVersion = "Xcode 14.0";
			developmentRegion = en;
			hasScannedForEncodings = 0;
			knownRegions = (
				en,
				Base,
			);
			mainGroup = EE69A4D92B14CB78007C3515;
			packageReferences = (
				EE2BAC3E2DB917D50082D950 /* XCRemoteSwiftPackageReference "firebase-ios-sdk" */,
				EE873CE42E3FA20100F3FF82 /* XCRemoteSwiftPackageReference "SVGKit" */,
			);
			productRefGroup = EE69A4E32B14CB78007C3515 /* Products */;
			projectDirPath = "";
			projectRoot = "";
			targets = (
				EE69A4E12B14CB78007C3515 /* GroceryGenius */,
			);
		};
/* End PBXProject section */

/* Begin PBXResourcesBuildPhase section */
		EE69A4E02B14CB78007C3515 /* Resources */ = {
			isa = PBXResourcesBuildPhase;
			buildActionMask = 2147483647;
			files = (
				EE0C60F92E59DEA400C6CF65 /* PrivacyInfo.xcprivacy in Resources */,
				EE69A4ED2B14CB79007C3515 /* Preview Assets.xcassets in Resources */,
				EE0C60CB2E52403600C6CF65 /* Localizable.xcstrings in Resources */,
				EE69A4EA2B14CB79007C3515 /* Assets.xcassets in Resources */,
				EE2BAC462DB9261F0082D950 /* GoogleService-Info.plist in Resources */,
			);
			runOnlyForDeploymentPostprocessing = 0;
		};
/* End PBXResourcesBuildPhase section */

/* Begin PBXSourcesBuildPhase section */
		EE69A4DE2B14CB78007C3515 /* Sources */ = {
			isa = PBXSourcesBuildPhase;
			buildActionMask = 2147483647;
			files = (
				EEFA09E32E2CE31200B2F2B0 /* ViewModifiers.swift in Sources */,
				EE9B091E2DFF04D90024DC13 /* ProductImageFullscreenView.swift in Sources */,
				EE79338E2DEA47BD00A8BEA9 /* AccentHeaderBackground.swift in Sources */,
				EEC3BC0A2E50C95A00C037F1 /* ImageCache.swift in Sources */,
				EEC3BC0B2E50C95A00C037F1 /* ReusableInputs.swift in Sources */,
				EEC3BC0C2E50C95A00C037F1 /* DesignSystem.swift in Sources */,
				EE52222F2DBEDD2100AB84EF /* ImagePicker.swift in Sources */,
				EE69A4F82B14CC96007C3515 /* ItemModel.swift in Sources */,
				EEFA09E52E2CE7A200B2F2B0 /* (null) in Sources */,
				EEFA09F32E2D2BE000B2F2B0 /* CustomModalView.swift in Sources */,
				EEC3BC0E2E50D5A800C037F1 /* Validation.swift in Sources */,
				EE7872312B1E3ED600FDD00B /* AddItemView.swift in Sources */,
				EE39801C2E5C981B00282617 /* PreviewMocks.swift in Sources */,
				EEF472FE2B4C5C2000330CE5 /* ShoppingListProgressView.swift in Sources */,
				EE69A4E82B14CB78007C3515 /* ShoppingListView.swift in Sources */,
				EEFA09EB2E2CED5000B2F2B0 /* Utils.swift in Sources */,
				EE0C60F12E59D12E00C6CF65 /* SessionViewModel.swift in Sources */,
				EE0C60F22E59D12E00C6CF65 /* ListSharingViewModel.swift in Sources */,
				EE0C60F32E59D12E00C6CF65 /* PairingViewModel.swift in Sources */,
				EE69A4FE2B14F046007C3515 /* ListRowView.swift in Sources */,
				EE4B8CD22B52BD0B006FBBED /* EditItemView.swift in Sources */,
				EE0C60F52E59D13600C6CF65 /* IdentityModels.swift in Sources */,
				EE69A4E62B14CB78007C3515 /* GroceryGeniusApp.swift in Sources */,
				EE6115E82B4467070043736A /* ListViewModel.swift in Sources */,
				EE6115EB2B48440E0043736A /* Color.swift in Sources */,
				EEF472FC2B4C5A4100330CE5 /* ListView.swift in Sources */,
				EE0C60EC2E59D11C00C6CF65 /* ListSharingView.swift in Sources */,
				EE0C60ED2E59D11C00C6CF65 /* SessionGateView.swift in Sources */,
				EE1234572F00000100AAAAAA /* ImportPreviewView.swift in Sources */,
				EE1234592F00000200AAAAAA /* ImportPreviewRow.swift in Sources */,
				EEABCDEF2F01000100AAAAAA /* DeepLinkParser.swift in Sources */,
				EEDEF0012F01010100AAAAAA /* SessionGateViewModel.swift in Sources */,
			);
			runOnlyForDeploymentPostprocessing = 0;
		};
/* End PBXSourcesBuildPhase section */

/* Begin XCBuildConfiguration section */
		EE69A4EE2B14CB79007C3515 /* Debug */ = {
			isa = XCBuildConfiguration;
			buildSettings = {
				ALWAYS_SEARCH_USER_PATHS = NO;
				ASSETCATALOG_COMPILER_GENERATE_SWIFT_ASSET_SYMBOL_EXTENSIONS = YES;
				CLANG_ANALYZER_NONNULL = YES;
				CLANG_ANALYZER_NUMBER_OBJECT_CONVERSION = YES_AGGRESSIVE;
				CLANG_CXX_LANGUAGE_STANDARD = "gnu++20";
				CLANG_ENABLE_MODULES = YES;
				CLANG_ENABLE_OBJC_ARC = YES;
				CLANG_ENABLE_OBJC_WEAK = YES;
				CLANG_WARN_BLOCK_CAPTURE_AUTORELEASING = YES;
				CLANG_WARN_BOOL_CONVERSION = YES;
				CLANG_WARN_COMMA = YES;
				CLANG_WARN_CONSTANT_CONVERSION = YES;
				CLANG_WARN_DEPRECATED_OBJC_IMPLEMENTATIONS = YES;
				CLANG_WARN_DIRECT_OBJC_ISA_USAGE = YES_ERROR;
				CLANG_WARN_DOCUMENTATION_COMMENTS = YES;
				CLANG_WARN_EMPTY_BODY = YES;
				CLANG_WARN_ENUM_CONVERSION = YES;
				CLANG_WARN_INFINITE_RECURSION = YES;
				CLANG_WARN_INT_CONVERSION = YES;
				CLANG_WARN_NON_LITERAL_NULL_CONVERSION = YES;
				CLANG_WARN_OBJC_IMPLICIT_RETAIN_SELF = YES;
				CLANG_WARN_OBJC_LITERAL_CONVERSION = YES;
				CLANG_WARN_OBJC_ROOT_CLASS = YES_ERROR;
				CLANG_WARN_QUOTED_INCLUDE_IN_FRAMEWORK_HEADER = YES;
				CLANG_WARN_RANGE_LOOP_ANALYSIS = YES;
				CLANG_WARN_STRICT_PROTOTYPES = YES;
				CLANG_WARN_SUSPICIOUS_MOVE = YES;
				CLANG_WARN_UNGUARDED_AVAILABILITY = YES_AGGRESSIVE;
				CLANG_WARN_UNREACHABLE_CODE = YES;
				CLANG_WARN__DUPLICATE_METHOD_MATCH = YES;
				COPY_PHASE_STRIP = NO;
				DEBUG_INFORMATION_FORMAT = dwarf;
				DEVELOPMENT_TEAM = YHSZ8G8RWJ;
				ENABLE_STRICT_OBJC_MSGSEND = YES;
				ENABLE_TESTABILITY = YES;
				ENABLE_USER_SCRIPT_SANDBOXING = YES;
				GCC_C_LANGUAGE_STANDARD = gnu17;
				GCC_DYNAMIC_NO_PIC = NO;
				GCC_NO_COMMON_BLOCKS = YES;
				GCC_OPTIMIZATION_LEVEL = 0;
				GCC_PREPROCESSOR_DEFINITIONS = (
					"DEBUG=1",
					"$(inherited)",
				);
				GCC_WARN_64_TO_32_BIT_CONVERSION = YES;
				GCC_WARN_ABOUT_RETURN_TYPE = YES_ERROR;
				GCC_WARN_UNDECLARED_SELECTOR = YES;
				GCC_WARN_UNINITIALIZED_AUTOS = YES_AGGRESSIVE;
				GCC_WARN_UNUSED_FUNCTION = YES;
				GCC_WARN_UNUSED_VARIABLE = YES;
				IPHONEOS_DEPLOYMENT_TARGET = 17.0;
				LOCALIZATION_PREFERS_STRING_CATALOGS = YES;
				MTL_ENABLE_DEBUG_INFO = INCLUDE_SOURCE;
				MTL_FAST_MATH = YES;
				ONLY_ACTIVE_ARCH = YES;
				SDKROOT = iphoneos;
				SWIFT_ACTIVE_COMPILATION_CONDITIONS = "DEBUG $(inherited)";
				SWIFT_EMIT_LOC_STRINGS = YES;
				SWIFT_OPTIMIZATION_LEVEL = "-Onone";
			};
			name = Debug;
		};
		EE69A4EF2B14CB79007C3515 /* Release */ = {
			isa = XCBuildConfiguration;
			buildSettings = {
				ALWAYS_SEARCH_USER_PATHS = NO;
				ASSETCATALOG_COMPILER_GENERATE_SWIFT_ASSET_SYMBOL_EXTENSIONS = YES;
				CLANG_ANALYZER_NONNULL = YES;
				CLANG_ANALYZER_NUMBER_OBJECT_CONVERSION = YES_AGGRESSIVE;
				CLANG_CXX_LANGUAGE_STANDARD = "gnu++20";
				CLANG_ENABLE_MODULES = YES;
				CLANG_ENABLE_OBJC_ARC = YES;
				CLANG_ENABLE_OBJC_WEAK = YES;
				CLANG_WARN_BLOCK_CAPTURE_AUTORELEASING = YES;
				CLANG_WARN_BOOL_CONVERSION = YES;
				CLANG_WARN_COMMA = YES;
				CLANG_WARN_CONSTANT_CONVERSION = YES;
				CLANG_WARN_DEPRECATED_OBJC_IMPLEMENTATIONS = YES;
				CLANG_WARN_DIRECT_OBJC_ISA_USAGE = YES_ERROR;
				CLANG_WARN_DOCUMENTATION_COMMENTS = YES;
				CLANG_WARN_EMPTY_BODY = YES;
				CLANG_WARN_ENUM_CONVERSION = YES;
				CLANG_WARN_INFINITE_RECURSION = YES;
				CLANG_WARN_INT_CONVERSION = YES;
				CLANG_WARN_NON_LITERAL_NULL_CONVERSION = YES;
				CLANG_WARN_OBJC_IMPLICIT_RETAIN_SELF = YES;
				CLANG_WARN_OBJC_LITERAL_CONVERSION = YES;
				CLANG_WARN_OBJC_ROOT_CLASS = YES_ERROR;
				CLANG_WARN_QUOTED_INCLUDE_IN_FRAMEWORK_HEADER = YES;
				CLANG_WARN_RANGE_LOOP_ANALYSIS = YES;
				CLANG_WARN_STRICT_PROTOTYPES = YES;
				CLANG_WARN_SUSPICIOUS_MOVE = YES;
				CLANG_WARN_UNGUARDED_AVAILABILITY = YES_AGGRESSIVE;
				CLANG_WARN_UNREACHABLE_CODE = YES;
				CLANG_WARN__DUPLICATE_METHOD_MATCH = YES;
				COPY_PHASE_STRIP = NO;
				DEBUG_INFORMATION_FORMAT = "dwarf-with-dsym";
				DEVELOPMENT_TEAM = YHSZ8G8RWJ;
				ENABLE_NS_ASSERTIONS = NO;
				ENABLE_STRICT_OBJC_MSGSEND = YES;
				ENABLE_USER_SCRIPT_SANDBOXING = YES;
				GCC_C_LANGUAGE_STANDARD = gnu17;
				GCC_NO_COMMON_BLOCKS = YES;
				GCC_WARN_64_TO_32_BIT_CONVERSION = YES;
				GCC_WARN_ABOUT_RETURN_TYPE = YES_ERROR;
				GCC_WARN_UNDECLARED_SELECTOR = YES;
				GCC_WARN_UNINITIALIZED_AUTOS = YES_AGGRESSIVE;
				GCC_WARN_UNUSED_FUNCTION = YES;
				GCC_WARN_UNUSED_VARIABLE = YES;
				IPHONEOS_DEPLOYMENT_TARGET = 17.0;
				LOCALIZATION_PREFERS_STRING_CATALOGS = YES;
				MTL_ENABLE_DEBUG_INFO = NO;
				MTL_FAST_MATH = YES;
				SDKROOT = iphoneos;
				SWIFT_COMPILATION_MODE = wholemodule;
				SWIFT_EMIT_LOC_STRINGS = YES;
				VALIDATE_PRODUCT = YES;
			};
			name = Release;
		};
		EE69A4F12B14CB79007C3515 /* Debug */ = {
			isa = XCBuildConfiguration;
			buildSettings = {
				ASSETCATALOG_COMPILER_APPICON_NAME = AppIcon;
				ASSETCATALOG_COMPILER_GLOBAL_ACCENT_COLOR_NAME = AccentColor;
				CODE_SIGN_STYLE = Automatic;
				CURRENT_PROJECT_VERSION = 1;
				DEVELOPMENT_ASSET_PATHS = "\"GroceryGenius/Preview Content\"";
				ENABLE_PREVIEWS = YES;
				GENERATE_INFOPLIST_FILE = YES;
				INFOPLIST_KEY_CFBundleDisplayName = "Grocery Genius";
				INFOPLIST_KEY_NSCameraUsageDescription = "Wir benötigen Zugriff auf die Kamera, um Fotos als Produktbild aufzunehmen.";
				INFOPLIST_KEY_UIApplicationSceneManifest_Generation = YES;
				INFOPLIST_KEY_UIApplicationSupportsIndirectInputEvents = YES;
				INFOPLIST_KEY_UILaunchScreen_Generation = YES;
				INFOPLIST_KEY_UISupportedInterfaceOrientations_iPad = "UIInterfaceOrientationPortrait UIInterfaceOrientationPortraitUpsideDown UIInterfaceOrientationLandscapeLeft UIInterfaceOrientationLandscapeRight";
				INFOPLIST_KEY_UISupportedInterfaceOrientations_iPhone = "UIInterfaceOrientationPortrait UIInterfaceOrientationLandscapeLeft UIInterfaceOrientationLandscapeRight";
				IPHONEOS_DEPLOYMENT_TARGET = 17.0;
				LD_RUNPATH_SEARCH_PATHS = (
					"$(inherited)",
					"@executable_path/Frameworks",
				);
				MARKETING_VERSION = 1.0;
				PRODUCT_BUNDLE_IDENTIFIER = com.roxo.GroceryGenius;
				PRODUCT_NAME = "$(TARGET_NAME)";
				SWIFT_EMIT_LOC_STRINGS = YES;
				SWIFT_VERSION = 5.0;
				TARGETED_DEVICE_FAMILY = "1,2";
			};
			name = Debug;
		};
		EE69A4F22B14CB79007C3515 /* Release */ = {
			isa = XCBuildConfiguration;
			buildSettings = {
				ASSETCATALOG_COMPILER_APPICON_NAME = AppIcon;
				ASSETCATALOG_COMPILER_GLOBAL_ACCENT_COLOR_NAME = AccentColor;
				CODE_SIGN_STYLE = Automatic;
				CURRENT_PROJECT_VERSION = 1;
				DEVELOPMENT_ASSET_PATHS = "\"GroceryGenius/Preview Content\"";
				ENABLE_PREVIEWS = YES;
				GENERATE_INFOPLIST_FILE = YES;
				INFOPLIST_KEY_CFBundleDisplayName = "Grocery Genius";
				INFOPLIST_KEY_NSCameraUsageDescription = "Wir benötigen Zugriff auf die Kamera, um Fotos als Produktbild aufzunehmen.";
				INFOPLIST_KEY_UIApplicationSceneManifest_Generation = YES;
				INFOPLIST_KEY_UIApplicationSupportsIndirectInputEvents = YES;
				INFOPLIST_KEY_UILaunchScreen_Generation = YES;
				INFOPLIST_KEY_UISupportedInterfaceOrientations_iPad = "UIInterfaceOrientationPortrait UIInterfaceOrientationPortraitUpsideDown UIInterfaceOrientationLandscapeLeft UIInterfaceOrientationLandscapeRight";
				INFOPLIST_KEY_UISupportedInterfaceOrientations_iPhone = "UIInterfaceOrientationPortrait UIInterfaceOrientationLandscapeLeft UIInterfaceOrientationLandscapeRight";
				IPHONEOS_DEPLOYMENT_TARGET = 17.0;
				LD_RUNPATH_SEARCH_PATHS = (
					"$(inherited)",
					"@executable_path/Frameworks",
				);
				MARKETING_VERSION = 1.0;
				PRODUCT_BUNDLE_IDENTIFIER = com.roxo.GroceryGenius;
				PRODUCT_NAME = "$(TARGET_NAME)";
				SWIFT_EMIT_LOC_STRINGS = YES;
				SWIFT_VERSION = 5.0;
				TARGETED_DEVICE_FAMILY = "1,2";
			};
			name = Release;
		};
/* End XCBuildConfiguration section */

/* Begin XCConfigurationList section */
		EE69A4DD2B14CB78007C3515 /* Build configuration list for PBXProject "GroceryGenius" */ = {
			isa = XCConfigurationList;
			buildConfigurations = (
				EE69A4EE2B14CB79007C3515 /* Debug */,
				EE69A4EF2B14CB79007C3515 /* Release */,
			);
			defaultConfigurationIsVisible = 0;
			defaultConfigurationName = Release;
		};
		EE69A4F02B14CB79007C3515 /* Build configuration list for PBXNativeTarget "GroceryGenius" */ = {
			isa = XCConfigurationList;
			buildConfigurations = (
				EE69A4F12B14CB79007C3515 /* Debug */,
				EE69A4F22B14CB79007C3515 /* Release */,
			);
			defaultConfigurationIsVisible = 0;
			defaultConfigurationName = Release;
		};
/* End XCConfigurationList section */

/* Begin XCRemoteSwiftPackageReference section */
		EE2BAC3E2DB917D50082D950 /* XCRemoteSwiftPackageReference "firebase-ios-sdk" */ = {
			isa = XCRemoteSwiftPackageReference;
			repositoryURL = "https://github.com/firebase/firebase-ios-sdk";
			requirement = {
				kind = upToNextMajorVersion;
				minimumVersion = 11.12.0;
			};
		};
		EE873CE42E3FA20100F3FF82 /* XCRemoteSwiftPackageReference "SVGKit" */ = {
			isa = XCRemoteSwiftPackageReference;
			repositoryURL = "https://github.com/SVGKit/SVGKit";
			requirement = {
				kind = upToNextMajorVersion;
				minimumVersion = 3.0.0;
			};
		};
/* End XCRemoteSwiftPackageReference section */

/* Begin XCSwiftPackageProductDependency section */
		EE0C60F62E59DC0300C6CF65 /* FirebaseAuth */ = {
			isa = XCSwiftPackageProductDependency;
			package = EE2BAC3E2DB917D50082D950 /* XCRemoteSwiftPackageReference "firebase-ios-sdk" */;
			productName = FirebaseAuth;
		};
		EE2BAC3F2DB917D50082D950 /* FirebaseFirestore */ = {
			isa = XCSwiftPackageProductDependency;
			package = EE2BAC3E2DB917D50082D950 /* XCRemoteSwiftPackageReference "firebase-ios-sdk" */;
			productName = FirebaseFirestore;
		};
		EE2BAC492DBA3D800082D950 /* FirebaseFirestore */ = {
			isa = XCSwiftPackageProductDependency;
			package = EE2BAC3E2DB917D50082D950 /* XCRemoteSwiftPackageReference "firebase-ios-sdk" */;
			productName = FirebaseFirestore;
		};
		EE2BAC4B2DBA3D800082D950 /* FirebaseFirestoreCombine-Community */ = {
			isa = XCSwiftPackageProductDependency;
			package = EE2BAC3E2DB917D50082D950 /* XCRemoteSwiftPackageReference "firebase-ios-sdk" */;
			productName = "FirebaseFirestoreCombine-Community";
		};
		EE873CE52E3FA20100F3FF82 /* SVGKit */ = {
			isa = XCSwiftPackageProductDependency;
			package = EE873CE42E3FA20100F3FF82 /* XCRemoteSwiftPackageReference "SVGKit" */;
			productName = SVGKit;
		};
		EE873CE72E3FA20100F3FF82 /* SVGKitSwift */ = {
			isa = XCSwiftPackageProductDependency;
			package = EE873CE42E3FA20100F3FF82 /* XCRemoteSwiftPackageReference "SVGKit" */;
			productName = SVGKitSwift;
		};
/* End XCSwiftPackageProductDependency section */
	};
	rootObject = EE69A4DA2B14CB78007C3515 /* Project object */;
}
